// !$*UTF8*$!
{
	archiveVersion = 1;
	classes = {
	};
	objectVersion = 48;
	objects = {

/* Begin PBXBuildFile section */
		A5FD8FABA1073C9AE0E8EEEB /* Pods_TwitterAppTask.framework in Frameworks */ = {isa = PBXBuildFile; fileRef = BC182CA4CB8FECD3410C5337 /* Pods_TwitterAppTask.framework */; };
		D9921D1D1FC8C9B100FC9983 /* DisplayFollowerInofTableViewController.swift in Sources */ = {isa = PBXBuildFile; fileRef = D9921D1C1FC8C9B000FC9983 /* DisplayFollowerInofTableViewController.swift */; };
		D99469951FC7596B00506905 /* SafariServices.framework in Frameworks */ = {isa = PBXBuildFile; fileRef = D99469941FC7596B00506905 /* SafariServices.framework */; };
		D9E5CA751FC72CE700D3DE96 /* AppDelegate.swift in Sources */ = {isa = PBXBuildFile; fileRef = D9E5CA741FC72CE700D3DE96 /* AppDelegate.swift */; };
		D9E5CA771FC72CE700D3DE96 /* ViewController.swift in Sources */ = {isa = PBXBuildFile; fileRef = D9E5CA761FC72CE700D3DE96 /* ViewController.swift */; };
		D9E5CA7A1FC72CE700D3DE96 /* Main.storyboard in Resources */ = {isa = PBXBuildFile; fileRef = D9E5CA781FC72CE700D3DE96 /* Main.storyboard */; };
		D9E5CA7C1FC72CE700D3DE96 /* Assets.xcassets in Resources */ = {isa = PBXBuildFile; fileRef = D9E5CA7B1FC72CE700D3DE96 /* Assets.xcassets */; };
		D9E5CA7F1FC72CE700D3DE96 /* LaunchScreen.storyboard in Resources */ = {isa = PBXBuildFile; fileRef = D9E5CA7D1FC72CE700D3DE96 /* LaunchScreen.storyboard */; };
		D9FBE8E01FC8699A004EB5E5 /* FollowersTableViewController.swift in Sources */ = {isa = PBXBuildFile; fileRef = D9FBE8DF1FC8699A004EB5E5 /* FollowersTableViewController.swift */; };
		D9FBE8E31FC86EA9004EB5E5 /* FollowersTableViewCell.swift in Sources */ = {isa = PBXBuildFile; fileRef = D9FBE8E21FC86EA9004EB5E5 /* FollowersTableViewCell.swift */; };
/* End PBXBuildFile section */

/* Begin PBXFileReference section */
		9C8633D1E9E6DDFC68AC4CAA /* Pods-TwitterAppTask.release.xcconfig */ = {isa = PBXFileReference; includeInIndex = 1; lastKnownFileType = text.xcconfig; name = "Pods-TwitterAppTask.release.xcconfig"; path = "Pods/Target Support Files/Pods-TwitterAppTask/Pods-TwitterAppTask.release.xcconfig"; sourceTree = "<group>"; };
		A08A46E3D158C8B1EC3BA4F6 /* Pods-TwitterAppTask.debug.xcconfig */ = {isa = PBXFileReference; includeInIndex = 1; lastKnownFileType = text.xcconfig; name = "Pods-TwitterAppTask.debug.xcconfig"; path = "Pods/Target Support Files/Pods-TwitterAppTask/Pods-TwitterAppTask.debug.xcconfig"; sourceTree = "<group>"; };
		BC182CA4CB8FECD3410C5337 /* Pods_TwitterAppTask.framework */ = {isa = PBXFileReference; explicitFileType = wrapper.framework; includeInIndex = 0; path = Pods_TwitterAppTask.framework; sourceTree = BUILT_PRODUCTS_DIR; };
		D9921D1C1FC8C9B000FC9983 /* DisplayFollowerInofTableViewController.swift */ = {isa = PBXFileReference; lastKnownFileType = sourcecode.swift; path = DisplayFollowerInofTableViewController.swift; sourceTree = "<group>"; };
		D99469941FC7596B00506905 /* SafariServices.framework */ = {isa = PBXFileReference; lastKnownFileType = wrapper.framework; name = SafariServices.framework; path = System/Library/Frameworks/SafariServices.framework; sourceTree = SDKROOT; };
		D9E5CA711FC72CE700D3DE96 /* TwitterAppTask.app */ = {isa = PBXFileReference; explicitFileType = wrapper.application; includeInIndex = 0; path = TwitterAppTask.app; sourceTree = BUILT_PRODUCTS_DIR; };
		D9E5CA741FC72CE700D3DE96 /* AppDelegate.swift */ = {isa = PBXFileReference; lastKnownFileType = sourcecode.swift; path = AppDelegate.swift; sourceTree = "<group>"; };
		D9E5CA761FC72CE700D3DE96 /* ViewController.swift */ = {isa = PBXFileReference; lastKnownFileType = sourcecode.swift; path = ViewController.swift; sourceTree = "<group>"; };
		D9E5CA791FC72CE700D3DE96 /* Base */ = {isa = PBXFileReference; lastKnownFileType = file.storyboard; name = Base; path = Base.lproj/Main.storyboard; sourceTree = "<group>"; };
		D9E5CA7B1FC72CE700D3DE96 /* Assets.xcassets */ = {isa = PBXFileReference; lastKnownFileType = folder.assetcatalog; path = Assets.xcassets; sourceTree = "<group>"; };
		D9E5CA7E1FC72CE700D3DE96 /* Base */ = {isa = PBXFileReference; lastKnownFileType = file.storyboard; name = Base; path = Base.lproj/LaunchScreen.storyboard; sourceTree = "<group>"; };
		D9E5CA801FC72CE700D3DE96 /* Info.plist */ = {isa = PBXFileReference; lastKnownFileType = text.plist.xml; path = Info.plist; sourceTree = "<group>"; };
		D9FBE8DF1FC8699A004EB5E5 /* FollowersTableViewController.swift */ = {isa = PBXFileReference; lastKnownFileType = sourcecode.swift; path = FollowersTableViewController.swift; sourceTree = "<group>"; };
		D9FBE8E21FC86EA9004EB5E5 /* FollowersTableViewCell.swift */ = {isa = PBXFileReference; lastKnownFileType = sourcecode.swift; path = FollowersTableViewCell.swift; sourceTree = "<group>"; };
/* End PBXFileReference section */

/* Begin PBXFrameworksBuildPhase section */
		D9E5CA6E1FC72CE700D3DE96 /* Frameworks */ = {
			isa = PBXFrameworksBuildPhase;
			buildActionMask = 2147483647;
			files = (
				D99469951FC7596B00506905 /* SafariServices.framework in Frameworks */,
				A5FD8FABA1073C9AE0E8EEEB /* Pods_TwitterAppTask.framework in Frameworks */,
			);
			runOnlyForDeploymentPostprocessing = 0;
		};
/* End PBXFrameworksBuildPhase section */

/* Begin PBXGroup section */
		8068FFF71CEC4DCF807DE641 /* Frameworks */ = {
			isa = PBXGroup;
			children = (
				D99469941FC7596B00506905 /* SafariServices.framework */,
				BC182CA4CB8FECD3410C5337 /* Pods_TwitterAppTask.framework */,
			);
			name = Frameworks;
			sourceTree = "<group>";
		};
		D91E5DEE68F42402DB0DC029 /* Pods */ = {
			isa = PBXGroup;
			children = (
				A08A46E3D158C8B1EC3BA4F6 /* Pods-TwitterAppTask.debug.xcconfig */,
				9C8633D1E9E6DDFC68AC4CAA /* Pods-TwitterAppTask.release.xcconfig */,
			);
			name = Pods;
			sourceTree = "<group>";
		};
		D9E5CA681FC72CE700D3DE96 = {
			isa = PBXGroup;
			children = (
				D9E5CA731FC72CE700D3DE96 /* TwitterAppTask */,
				D9E5CA721FC72CE700D3DE96 /* Products */,
				D91E5DEE68F42402DB0DC029 /* Pods */,
				8068FFF71CEC4DCF807DE641 /* Frameworks */,
			);
			sourceTree = "<group>";
		};
		D9E5CA721FC72CE700D3DE96 /* Products */ = {
			isa = PBXGroup;
			children = (
				D9E5CA711FC72CE700D3DE96 /* TwitterAppTask.app */,
			);
			name = Products;
			sourceTree = "<group>";
		};
		D9E5CA731FC72CE700D3DE96 /* TwitterAppTask */ = {
			isa = PBXGroup;
			children = (
				D9FBE8E11FC869AF004EB5E5 /* SupportingFiles */,
				D9E5CA761FC72CE700D3DE96 /* ViewController.swift */,
				D9E5CA781FC72CE700D3DE96 /* Main.storyboard */,
				D9E5CA801FC72CE700D3DE96 /* Info.plist */,
				D9921D1C1FC8C9B000FC9983 /* DisplayFollowerInofTableViewController.swift */,
				D9FBE8E21FC86EA9004EB5E5 /* FollowersTableViewCell.swift */,
				D9FBE8DF1FC8699A004EB5E5 /* FollowersTableViewController.swift */,
			);
			path = TwitterAppTask;
			sourceTree = "<group>";
		};
		D9FBE8E11FC869AF004EB5E5 /* SupportingFiles */ = {
			isa = PBXGroup;
			children = (
				D9E5CA7B1FC72CE700D3DE96 /* Assets.xcassets */,
				D9E5CA741FC72CE700D3DE96 /* AppDelegate.swift */,
				D9E5CA7D1FC72CE700D3DE96 /* LaunchScreen.storyboard */,
			);
			path = SupportingFiles;
			sourceTree = "<group>";
		};
/* End PBXGroup section */

/* Begin PBXNativeTarget section */
		D9E5CA701FC72CE700D3DE96 /* TwitterAppTask */ = {
			isa = PBXNativeTarget;
			buildConfigurationList = D9E5CA831FC72CE700D3DE96 /* Build configuration list for PBXNativeTarget "TwitterAppTask" */;
			buildPhases = (
				ECA32F8ACA48CD085A900F13 /* [CP] Check Pods Manifest.lock */,
				D9E5CA6D1FC72CE700D3DE96 /* Sources */,
				D9E5CA6E1FC72CE700D3DE96 /* Frameworks */,
				D9E5CA6F1FC72CE700D3DE96 /* Resources */,
				A677EE48418473B2EF0ABF60 /* [CP] Embed Pods Frameworks */,
				1F307BB901667CAFCD4D4015 /* [CP] Copy Pods Resources */,
			);
			buildRules = (
			);
			dependencies = (
			);
			name = TwitterAppTask;
			productName = TwitterAppTask;
			productReference = D9E5CA711FC72CE700D3DE96 /* TwitterAppTask.app */;
			productType = "com.apple.product-type.application";
		};
/* End PBXNativeTarget section */

/* Begin PBXProject section */
		D9E5CA691FC72CE700D3DE96 /* Project object */ = {
			isa = PBXProject;
			attributes = {
				LastSwiftUpdateCheck = 0900;
				LastUpgradeCheck = 0900;
				ORGANIZATIONNAME = MohamedSh;
				TargetAttributes = {
					D9E5CA701FC72CE700D3DE96 = {
						CreatedOnToolsVersion = 9.0;
						ProvisioningStyle = Automatic;
					};
				};
			};
			buildConfigurationList = D9E5CA6C1FC72CE700D3DE96 /* Build configuration list for PBXProject "TwitterAppTask" */;
			compatibilityVersion = "Xcode 8.0";
			developmentRegion = en;
			hasScannedForEncodings = 0;
			knownRegions = (
				en,
				Base,
			);
			mainGroup = D9E5CA681FC72CE700D3DE96;
			productRefGroup = D9E5CA721FC72CE700D3DE96 /* Products */;
			projectDirPath = "";
			projectRoot = "";
			targets = (
				D9E5CA701FC72CE700D3DE96 /* TwitterAppTask */,
			);
		};
/* End PBXProject section */

/* Begin PBXResourcesBuildPhase section */
		D9E5CA6F1FC72CE700D3DE96 /* Resources */ = {
			isa = PBXResourcesBuildPhase;
			buildActionMask = 2147483647;
			files = (
				D9E5CA7F1FC72CE700D3DE96 /* LaunchScreen.storyboard in Resources */,
				D9E5CA7C1FC72CE700D3DE96 /* Assets.xcassets in Resources */,
				D9E5CA7A1FC72CE700D3DE96 /* Main.storyboard in Resources */,
			);
			runOnlyForDeploymentPostprocessing = 0;
		};
/* End PBXResourcesBuildPhase section */

/* Begin PBXShellScriptBuildPhase section */
		1F307BB901667CAFCD4D4015 /* [CP] Copy Pods Resources */ = {
			isa = PBXShellScriptBuildPhase;
			buildActionMask = 2147483647;
			files = (
			);
			inputPaths = (
				"${SRCROOT}/Pods/Target Support Files/Pods-TwitterAppTask/Pods-TwitterAppTask-resources.sh",
				"${PODS_ROOT}/TwitterKit/iOS/TwitterKit.framework/TwitterKitResources.bundle",
				"${PODS_ROOT}/TwitterKit/iOS/TwitterKit.framework/TwitterShareExtensionUIResources.bundle",
			);
			name = "[CP] Copy Pods Resources";
			outputPaths = (
				"${TARGET_BUILD_DIR}/${UNLOCALIZED_RESOURCES_FOLDER_PATH}",
			);
			runOnlyForDeploymentPostprocessing = 0;
			shellPath = /bin/sh;
			shellScript = "\"${SRCROOT}/Pods/Target Support Files/Pods-TwitterAppTask/Pods-TwitterAppTask-resources.sh\"\n";
			showEnvVarsInLog = 0;
		};
		A677EE48418473B2EF0ABF60 /* [CP] Embed Pods Frameworks */ = {
			isa = PBXShellScriptBuildPhase;
			buildActionMask = 2147483647;
			files = (
			);
			inputPaths = (
			);
			name = "[CP] Embed Pods Frameworks";
			outputPaths = (
			);
			runOnlyForDeploymentPostprocessing = 0;
			shellPath = /bin/sh;
			shellScript = "\"${SRCROOT}/Pods/Target Support Files/Pods-TwitterAppTask/Pods-TwitterAppTask-frameworks.sh\"\n";
			showEnvVarsInLog = 0;
		};
		ECA32F8ACA48CD085A900F13 /* [CP] Check Pods Manifest.lock */ = {
			isa = PBXShellScriptBuildPhase;
			buildActionMask = 2147483647;
			files = (
			);
			inputPaths = (
				"${PODS_PODFILE_DIR_PATH}/Podfile.lock",
				"${PODS_ROOT}/Manifest.lock",
			);
			name = "[CP] Check Pods Manifest.lock";
			outputPaths = (
				"$(DERIVED_FILE_DIR)/Pods-TwitterAppTask-checkManifestLockResult.txt",
			);
			runOnlyForDeploymentPostprocessing = 0;
			shellPath = /bin/sh;
			shellScript = "diff \"${PODS_PODFILE_DIR_PATH}/Podfile.lock\" \"${PODS_ROOT}/Manifest.lock\" > /dev/null\nif [ $? != 0 ] ; then\n    # print error to STDERR\n    echo \"error: The sandbox is not in sync with the Podfile.lock. Run 'pod install' or update your CocoaPods installation.\" >&2\n    exit 1\nfi\n# This output is used by Xcode 'outputs' to avoid re-running this script phase.\necho \"SUCCESS\" > \"${SCRIPT_OUTPUT_FILE_0}\"\n";
			showEnvVarsInLog = 0;
		};
/* End PBXShellScriptBuildPhase section */

/* Begin PBXSourcesBuildPhase section */
		D9E5CA6D1FC72CE700D3DE96 /* Sources */ = {
			isa = PBXSourcesBuildPhase;
			buildActionMask = 2147483647;
			files = (
				D9E5CA771FC72CE700D3DE96 /* ViewController.swift in Sources */,
				D9E5CA751FC72CE700D3DE96 /* AppDelegate.swift in Sources */,
				D9FBE8E01FC8699A004EB5E5 /* FollowersTableViewController.swift in Sources */,
				D9921D1D1FC8C9B100FC9983 /* DisplayFollowerInofTableViewController.swift in Sources */,
				D9FBE8E31FC86EA9004EB5E5 /* FollowersTableViewCell.swift in Sources */,
			);
			runOnlyForDeploymentPostprocessing = 0;
		};
/* End PBXSourcesBuildPhase section */

/* Begin PBXVariantGroup section */
		D9E5CA781FC72CE700D3DE96 /* Main.storyboard */ = {
			isa = PBXVariantGroup;
			children = (
				D9E5CA791FC72CE700D3DE96 /* Base */,
			);
			name = Main.storyboard;
			sourceTree = "<group>";
		};
		D9E5CA7D1FC72CE700D3DE96 /* LaunchScreen.storyboard */ = {
			isa = PBXVariantGroup;
			children = (
				D9E5CA7E1FC72CE700D3DE96 /* Base */,
			);
			name = LaunchScreen.storyboard;
			sourceTree = "<group>";
		};
/* End PBXVariantGroup section */

/* Begin XCBuildConfiguration section */
		D9E5CA811FC72CE700D3DE96 /* Debug */ = {
			isa = XCBuildConfiguration;
			buildSettings = {
				ALWAYS_SEARCH_USER_PATHS = NO;
				CLANG_ANALYZER_NONNULL = YES;
				CLANG_ANALYZER_NUMBER_OBJECT_CONVERSION = YES_AGGRESSIVE;
				CLANG_CXX_LANGUAGE_STANDARD = "gnu++14";
				CLANG_CXX_LIBRARY = "libc++";
				CLANG_ENABLE_MODULES = YES;
				CLANG_ENABLE_OBJC_ARC = YES;
				CLANG_WARN_BLOCK_CAPTURE_AUTORELEASING = YES;
				CLANG_WARN_BOOL_CONVERSION = YES;
				CLANG_WARN_COMMA = YES;
				CLANG_WARN_CONSTANT_CONVERSION = YES;
				CLANG_WARN_DIRECT_OBJC_ISA_USAGE = YES_ERROR;
				CLANG_WARN_DOCUMENTATION_COMMENTS = YES;
				CLANG_WARN_EMPTY_BODY = YES;
				CLANG_WARN_ENUM_CONVERSION = YES;
				CLANG_WARN_INFINITE_RECURSION = YES;
				CLANG_WARN_INT_CONVERSION = YES;
				CLANG_WARN_NON_LITERAL_NULL_CONVERSION = YES;
				CLANG_WARN_OBJC_LITERAL_CONVERSION = YES;
				CLANG_WARN_OBJC_ROOT_CLASS = YES_ERROR;
				CLANG_WARN_RANGE_LOOP_ANALYSIS = YES;
				CLANG_WARN_STRICT_PROTOTYPES = YES;
				CLANG_WARN_SUSPICIOUS_MOVE = YES;
				CLANG_WARN_UNGUARDED_AVAILABILITY = YES_AGGRESSIVE;
				CLANG_WARN_UNREACHABLE_CODE = YES;
				CLANG_WARN__DUPLICATE_METHOD_MATCH = YES;
				CODE_SIGN_IDENTITY = "iPhone Developer";
				COPY_PHASE_STRIP = NO;
				DEBUG_INFORMATION_FORMAT = dwarf;
				ENABLE_STRICT_OBJC_MSGSEND = YES;
				ENABLE_TESTABILITY = YES;
				GCC_C_LANGUAGE_STANDARD = gnu11;
				GCC_DYNAMIC_NO_PIC = NO;
				GCC_NO_COMMON_BLOCKS = YES;
				GCC_OPTIMIZATION_LEVEL = 0;
				GCC_PREPROCESSOR_DEFINITIONS = (
					"DEBUG=1",
					"$(inherited)",
				);
				GCC_WARN_64_TO_32_BIT_CONVERSION = YES;
				GCC_WARN_ABOUT_RETURN_TYPE = YES_ERROR;
				GCC_WARN_UNDECLARED_SELECTOR = YES;
				GCC_WARN_UNINITIALIZED_AUTOS = YES_AGGRESSIVE;
				GCC_WARN_UNUSED_FUNCTION = YES;
				GCC_WARN_UNUSED_VARIABLE = YES;
				IPHONEOS_DEPLOYMENT_TARGET = 11.0;
				MTL_ENABLE_DEBUG_INFO = YES;
				ONLY_ACTIVE_ARCH = YES;
				SDKROOT = iphoneos;
				SWIFT_ACTIVE_COMPILATION_CONDITIONS = DEBUG;
				SWIFT_OPTIMIZATION_LEVEL = "-Onone";
			};
			name = Debug;
		};
		D9E5CA821FC72CE700D3DE96 /* Release */ = {
			isa = XCBuildConfiguration;
			buildSettings = {
				ALWAYS_SEARCH_USER_PATHS = NO;
				CLANG_ANALYZER_NONNULL = YES;
				CLANG_ANALYZER_NUMBER_OBJECT_CONVERSION = YES_AGGRESSIVE;
				CLANG_CXX_LANGUAGE_STANDARD = "gnu++14";
				CLANG_CXX_LIBRARY = "libc++";
				CLANG_ENABLE_MODULES = YES;
				CLANG_ENABLE_OBJC_ARC = YES;
				CLANG_WARN_BLOCK_CAPTURE_AUTORELEASING = YES;
				CLANG_WARN_BOOL_CONVERSION = YES;
				CLANG_WARN_COMMA = YES;
				CLANG_WARN_CONSTANT_CONVERSION = YES;
				CLANG_WARN_DIRECT_OBJC_ISA_USAGE = YES_ERROR;
				CLANG_WARN_DOCUMENTATION_COMMENTS = YES;
				CLANG_WARN_EMPTY_BODY = YES;
				CLANG_WARN_ENUM_CONVERSION = YES;
				CLANG_WARN_INFINITE_RECURSION = YES;
				CLANG_WARN_INT_CONVERSION = YES;
				CLANG_WARN_NON_LITERAL_NULL_CONVERSION = YES;
				CLANG_WARN_OBJC_LITERAL_CONVERSION = YES;
				CLANG_WARN_OBJC_ROOT_CLASS = YES_ERROR;
				CLANG_WARN_RANGE_LOOP_ANALYSIS = YES;
				CLANG_WARN_STRICT_PROTOTYPES = YES;
				CLANG_WARN_SUSPICIOUS_MOVE = YES;
				CLANG_WARN_UNGUARDED_AVAILABILITY = YES_AGGRESSIVE;
				CLANG_WARN_UNREACHABLE_CODE = YES;
				CLANG_WARN__DUPLICATE_METHOD_MATCH = YES;
				CODE_SIGN_IDENTITY = "iPhone Developer";
				COPY_PHASE_STRIP = NO;
				DEBUG_INFORMATION_FORMAT = "dwarf-with-dsym";
				ENABLE_NS_ASSERTIONS = NO;
				ENABLE_STRICT_OBJC_MSGSEND = YES;
				GCC_C_LANGUAGE_STANDARD = gnu11;
				GCC_NO_COMMON_BLOCKS = YES;
				GCC_WARN_64_TO_32_BIT_CONVERSION = YES;
				GCC_WARN_ABOUT_RETURN_TYPE = YES_ERROR;
				GCC_WARN_UNDECLARED_SELECTOR = YES;
				GCC_WARN_UNINITIALIZED_AUTOS = YES_AGGRESSIVE;
				GCC_WARN_UNUSED_FUNCTION = YES;
				GCC_WARN_UNUSED_VARIABLE = YES;
				IPHONEOS_DEPLOYMENT_TARGET = 11.0;
				MTL_ENABLE_DEBUG_INFO = NO;
				SDKROOT = iphoneos;
				SWIFT_OPTIMIZATION_LEVEL = "-Owholemodule";
				VALIDATE_PRODUCT = YES;
			};
			name = Release;
		};
		D9E5CA841FC72CE700D3DE96 /* Debug */ = {
			isa = XCBuildConfiguration;
			baseConfigurationReference = A08A46E3D158C8B1EC3BA4F6 /* Pods-TwitterAppTask.debug.xcconfig */;
			buildSettings = {
				ASSETCATALOG_COMPILER_APPICON_NAME = AppIcon;
				CODE_SIGN_STYLE = Automatic;
				DEVELOPMENT_TEAM = YNX5X6328E;
				INFOPLIST_FILE = TwitterAppTask/Info.plist;
				IPHONEOS_DEPLOYMENT_TARGET = 10.0;
				LD_RUNPATH_SEARCH_PATHS = "$(inherited) @executable_path/Frameworks";
				PRODUCT_BUNDLE_IDENTIFIER = mohamedshebo.com.TwitterAppTask;
				PRODUCT_NAME = "$(TARGET_NAME)";
				SWIFT_VERSION = 4.0;
				TARGETED_DEVICE_FAMILY = "1,2";
			};
			name = Debug;
		};
		D9E5CA851FC72CE700D3DE96 /* Release */ = {
			isa = XCBuildConfiguration;
			baseConfigurationReference = 9C8633D1E9E6DDFC68AC4CAA /* Pods-TwitterAppTask.release.xcconfig */;
			buildSettings = {
				ASSETCATALOG_COMPILER_APPICON_NAME = AppIcon;
				CODE_SIGN_STYLE = Automatic;
				DEVELOPMENT_TEAM = YNX5X6328E;
				INFOPLIST_FILE = TwitterAppTask/Info.plist;
				IPHONEOS_DEPLOYMENT_TARGET = 10.0;
				LD_RUNPATH_SEARCH_PATHS = "$(inherited) @executable_path/Frameworks";
				PRODUCT_BUNDLE_IDENTIFIER = mohamedshebo.com.TwitterAppTask;
				PRODUCT_NAME = "$(TARGET_NAME)";
				SWIFT_VERSION = 4.0;
				TARGETED_DEVICE_FAMILY = "1,2";
			};
			name = Release;
		};
/* End XCBuildConfiguration section */

/* Begin XCConfigurationList section */
		D9E5CA6C1FC72CE700D3DE96 /* Build configuration list for PBXProject "TwitterAppTask" */ = {
			isa = XCConfigurationList;
			buildConfigurations = (
				D9E5CA811FC72CE700D3DE96 /* Debug */,
				D9E5CA821FC72CE700D3DE96 /* Release */,
			);
			defaultConfigurationIsVisible = 0;
			defaultConfigurationName = Release;
		};
		D9E5CA831FC72CE700D3DE96 /* Build configuration list for PBXNativeTarget "TwitterAppTask" */ = {
			isa = XCConfigurationList;
			buildConfigurations = (
				D9E5CA841FC72CE700D3DE96 /* Debug */,
				D9E5CA851FC72CE700D3DE96 /* Release */,
			);
			defaultConfigurationIsVisible = 0;
			defaultConfigurationName = Release;
		};
/* End XCConfigurationList section */
	};
	rootObject = D9E5CA691FC72CE700D3DE96 /* Project object */;
}
